
Microsoft Visual Studio Solution File, Format Version 12.00
# Visual Studio Version 17
VisualStudioVersion = 17.1.32414.318
MinimumVisualStudioVersion = 10.0.40219.1
Project("{FAE04EC0-301F-11D3-BF4B-00C04F79EFBC}") = "DucVuSport", "DucVuSport\DucVuSport.csproj", "{9845A705-DC67-46A0-9060-E393552729A6}"
EndProject
Project("{FAE04EC0-301F-11D3-BF4B-00C04F79EFBC}") = "DataAccessLib", "DataAccessLib\DataAccessLib.csproj", "{13E40CF0-4FF4-452F-9283-2DEBFC498F11}"
EndProject
Global
	GlobalSection(SolutionConfigurationPlatforms) = preSolution
		Debug|Any CPU = Debug|Any CPU
		Release|Any CPU = Release|Any CPU
	EndGlobalSection
	GlobalSection(ProjectConfigurationPlatforms) = postSolution
		{9845A705-DC67-46A0-9060-E393552729A6}.Debug|Any CPU.ActiveCfg = Debug|Any CPU
		{9845A705-DC67-46A0-9060-E393552729A6}.Debug|Any CPU.Build.0 = Debug|Any CPU
		{9845A705-DC67-46A0-9060-E393552729A6}.Release|Any CPU.ActiveCfg = Release|Any CPU
		{9845A705-DC67-46A0-9060-E393552729A6}.Release|Any CPU.Build.0 = Release|Any CPU
		{13E40CF0-4FF4-452F-9283-2DEBFC498F11}.Debug|Any CPU.ActiveCfg = Debug|Any CPU
		{13E40CF0-4FF4-452F-9283-2DEBFC498F11}.Debug|Any CPU.Build.0 = Debug|Any CPU
		{13E40CF0-4FF4-452F-9283-2DEBFC498F11}.Release|Any CPU.ActiveCfg = Release|Any CPU
		{13E40CF0-4FF4-452F-9283-2DEBFC498F11}.Release|Any CPU.Build.0 = Release|Any CPU
	EndGlobalSection
	GlobalSection(SolutionProperties) = preSolution
		HideSolutionNode = FALSE
	EndGlobalSection
	GlobalSection(ExtensibilityGlobals) = postSolution
		SolutionGuid = {21E2DDF5-F0E5-4858-8674-6B1B3286FFC4}
	EndGlobalSection
EndGlobal
